# THIS IS AN AUTOGENERATED FILE. DO NOT EDIT THIS FILE DIRECTLY.
# yarn lockfile v1


react-hook-form@^7.52.2:
  version "7.52.2"
  resolved "https://registry.yarnpkg.com/react-hook-form/-/react-hook-form-7.52.2.tgz#ff40f4776250b86ddfcde6be68d34aa82b1c60fe"
  integrity sha512-pqfPEbERnxxiNMPd0bzmt1tuaPcVccywFDpyk2uV5xCIBphHV5T8SVnX9/o3kplPE1zzKt77+YIoq+EMwJp56A==

react-icons@^5.3.0:
  version "5.3.0"
  resolved "https://registry.yarnpkg.com/react-icons/-/react-icons-5.3.0.tgz#ccad07a30aebd40a89f8cfa7d82e466019203f1c"
  integrity sha512-DnUk8aFbTyQPSkCfF8dbX6kQjXA9DktMeJqfjrg6cK9vwQVMxmcA3BfP4QoiztVmEHtwlTgLFsPuH2NskKT6eg==
